Microsoft Visual Studio Solution File, Format Version 12.00
# Visual Studio Version 17
VisualStudioVersion = 17.5.2.0
MinimumVisualStudioVersion = 10.0.40219.1
Project("{FAE04EC0-301F-11D3-BF4B-00C04F79EFBC}") = "Debug and creating async program", "Debug and creating async program.csproj", "{9221B350-4543-C13B-EF57-15CE42ED1816}"
EndProject
Global
	GlobalSection(SolutionConfigurationPlatforms) = preSolution
		Debug|Any CPU = Debug|Any CPU
		Release|Any CPU = Release|Any CPU
	EndGlobalSection
	GlobalSection(ProjectConfigurationPlatforms) = postSolution
		{9221B350-4543-C13B-EF57-15CE42ED1816}.Debug|Any CPU.ActiveCfg = Debug|Any CPU
		{9221B350-4543-C13B-EF57-15CE42ED1816}.Debug|Any CPU.Build.0 = Debug|Any CPU
		{9221B350-4543-C13B-EF57-15CE42ED1816}.Release|Any CPU.ActiveCfg = Release|Any CPU
		{9221B350-4543-C13B-EF57-15CE42ED1816}.Release|Any CPU.Build.0 = Release|Any CPU
	EndGlobalSection
	GlobalSection(SolutionProperties) = preSolution
		HideSolutionNode = FALSE
	EndGlobalSection
	GlobalSection(ExtensibilityGlobals) = postSolution
		SolutionGuid = {B18EA72B-B549-411D-ADCA-2F0A6A480B5D}
	EndGlobalSection
EndGlobal
