Microsoft Visual Studio Solution File, Format Version 12.00
# Visual Studio Version 17
VisualStudioVersion = 17.5.2.0
MinimumVisualStudioVersion = 10.0.40219.1
Project("{FAE04EC0-301F-11D3-BF4B-00C04F79EFBC}") = "Asynchronous Programming", "Asynchronous Programming.csproj", "{D50DCC6E-6D81-257F-1D91-0142E32F824E}"
EndProject
Global
	GlobalSection(SolutionConfigurationPlatforms) = preSolution
		Debug|Any CPU = Debug|Any CPU
		Release|Any CPU = Release|Any CPU
	EndGlobalSection
	GlobalSection(ProjectConfigurationPlatforms) = postSolution
		{D50DCC6E-6D81-257F-1D91-0142E32F824E}.Debug|Any CPU.ActiveCfg = Debug|Any CPU
		{D50DCC6E-6D81-257F-1D91-0142E32F824E}.Debug|Any CPU.Build.0 = Debug|Any CPU
		{D50DCC6E-6D81-257F-1D91-0142E32F824E}.Release|Any CPU.ActiveCfg = Release|Any CPU
		{D50DCC6E-6D81-257F-1D91-0142E32F824E}.Release|Any CPU.Build.0 = Release|Any CPU
	EndGlobalSection
	GlobalSection(SolutionProperties) = preSolution
		HideSolutionNode = FALSE
	EndGlobalSection
	GlobalSection(ExtensibilityGlobals) = postSolution
		SolutionGuid = {ED86850E-9A02-489C-9BD6-2DDC52EB9088}
	EndGlobalSection
EndGlobal
