Microsoft Visual Studio Solution File, Format Version 12.00
# Visual Studio Version 17
VisualStudioVersion = 17.5.2.0
MinimumVisualStudioVersion = 10.0.40219.1
Project("{FAE04EC0-301F-11D3-BF4B-00C04F79EFBC}") = "library management system", "library management system.csproj", "{CCCFB17A-1D2F-53C2-AB89-52694E87B476}"
EndProject
Global
	GlobalSection(SolutionConfigurationPlatforms) = preSolution
		Debug|Any CPU = Debug|Any CPU
		Release|Any CPU = Release|Any CPU
	EndGlobalSection
	GlobalSection(ProjectConfigurationPlatforms) = postSolution
		{CCCFB17A-1D2F-53C2-AB89-52694E87B476}.Debug|Any CPU.ActiveCfg = Debug|Any CPU
		{CCCFB17A-1D2F-53C2-AB89-52694E87B476}.Debug|Any CPU.Build.0 = Debug|Any CPU
		{CCCFB17A-1D2F-53C2-AB89-52694E87B476}.Release|Any CPU.ActiveCfg = Release|Any CPU
		{CCCFB17A-1D2F-53C2-AB89-52694E87B476}.Release|Any CPU.Build.0 = Release|Any CPU
	EndGlobalSection
	GlobalSection(SolutionProperties) = preSolution
		HideSolutionNode = FALSE
	EndGlobalSection
	GlobalSection(ExtensibilityGlobals) = postSolution
		SolutionGuid = {F8636C95-1725-45F7-A125-8866D6C2B99F}
	EndGlobalSection
EndGlobal
