Microsoft Visual Studio Solution File, Format Version 12.00
# Visual Studio Version 17
VisualStudioVersion = 17.5.2.0
MinimumVisualStudioVersion = 10.0.40219.1
Project("{FAE04EC0-301F-11D3-BF4B-00C04F79EFBC}") = "Observer Pattern", "Observer Pattern.csproj", "{4D0CAFE9-C498-EC8E-4D93-94661BFB5D09}"
EndProject
Global
	GlobalSection(SolutionConfigurationPlatforms) = preSolution
		Debug|Any CPU = Debug|Any CPU
		Release|Any CPU = Release|Any CPU
	EndGlobalSection
	GlobalSection(ProjectConfigurationPlatforms) = postSolution
		{4D0CAFE9-C498-EC8E-4D93-94661BFB5D09}.Debug|Any CPU.ActiveCfg = Debug|Any CPU
		{4D0CAFE9-C498-EC8E-4D93-94661BFB5D09}.Debug|Any CPU.Build.0 = Debug|Any CPU
		{4D0CAFE9-C498-EC8E-4D93-94661BFB5D09}.Release|Any CPU.ActiveCfg = Release|Any CPU
		{4D0CAFE9-C498-EC8E-4D93-94661BFB5D09}.Release|Any CPU.Build.0 = Release|Any CPU
	EndGlobalSection
	GlobalSection(SolutionProperties) = preSolution
		HideSolutionNode = FALSE
	EndGlobalSection
	GlobalSection(ExtensibilityGlobals) = postSolution
		SolutionGuid = {102D8266-E2D0-400F-A096-93698D5D4D63}
	EndGlobalSection
EndGlobal
